
Microsoft Visual Studio Solution File, Format Version 12.00
# Visual Studio Version 16
VisualStudioVersion = 16.0.29905.134
MinimumVisualStudioVersion = 10.0.40219.1
Project("{9A19103F-16F7-4668-BE54-9A1E7A4F7556}") = "Panosen.CodeDom.EFCore", "Panosen.CodeDom.EFCore\Panosen.CodeDom.EFCore.csproj", "{86A0EB96-832A-404F-B912-59C68A8C05FA}"
EndProject
Project("{9A19103F-16F7-4668-BE54-9A1E7A4F7556}") = "Panosen.CodeDom.EFCore.Engine", "Panosen.CodeDom.EFCore.Engine\Panosen.CodeDom.EFCore.Engine.csproj", "{9C6F85D8-7043-4C08-8606-19261C2C8F42}"
EndProject
Project("{FAE04EC0-301F-11D3-BF4B-00C04F79EFBC}") = "Panosen.CodeDom.EFCore.Engine.MSTest", "Panosen.CodeDom.EFCore.Engine.MSTest\Panosen.CodeDom.EFCore.Engine.MSTest.csproj", "{817F6693-DF72-44E8-A697-619EFF99A1B1}"
EndProject
Global
	GlobalSection(SolutionConfigurationPlatforms) = preSolution
		Debug|Any CPU = Debug|Any CPU
		Release|Any CPU = Release|Any CPU
	EndGlobalSection
	GlobalSection(ProjectConfigurationPlatforms) = postSolution
		{86A0EB96-832A-404F-B912-59C68A8C05FA}.Debug|Any CPU.ActiveCfg = Debug|Any CPU
		{86A0EB96-832A-404F-B912-59C68A8C05FA}.Debug|Any CPU.Build.0 = Debug|Any CPU
		{86A0EB96-832A-404F-B912-59C68A8C05FA}.Release|Any CPU.ActiveCfg = Release|Any CPU
		{86A0EB96-832A-404F-B912-59C68A8C05FA}.Release|Any CPU.Build.0 = Release|Any CPU
		{9C6F85D8-7043-4C08-8606-19261C2C8F42}.Debug|Any CPU.ActiveCfg = Debug|Any CPU
		{9C6F85D8-7043-4C08-8606-19261C2C8F42}.Debug|Any CPU.Build.0 = Debug|Any CPU
		{9C6F85D8-7043-4C08-8606-19261C2C8F42}.Release|Any CPU.ActiveCfg = Release|Any CPU
		{9C6F85D8-7043-4C08-8606-19261C2C8F42}.Release|Any CPU.Build.0 = Release|Any CPU
		{817F6693-DF72-44E8-A697-619EFF99A1B1}.Debug|Any CPU.ActiveCfg = Debug|Any CPU
		{817F6693-DF72-44E8-A697-619EFF99A1B1}.Debug|Any CPU.Build.0 = Debug|Any CPU
		{817F6693-DF72-44E8-A697-619EFF99A1B1}.Release|Any CPU.ActiveCfg = Release|Any CPU
		{817F6693-DF72-44E8-A697-619EFF99A1B1}.Release|Any CPU.Build.0 = Release|Any CPU
	EndGlobalSection
	GlobalSection(SolutionProperties) = preSolution
		HideSolutionNode = FALSE
	EndGlobalSection
	GlobalSection(ExtensibilityGlobals) = postSolution
		SolutionGuid = {A40A366C-00D2-403D-A2BE-D6AF261B2B3C}
	EndGlobalSection
EndGlobal
